// !$*UTF8*$!
{
	archiveVersion = 1;
	classes = {
	};
	objectVersion = 46;
	objects = {

/* Begin PBXBuildFile section */
		3F47BC7E1ECA131D00E10EB8 /* Realm.framework in Frameworks */ = {isa = PBXBuildFile; fileRef = 3F47BC7D1ECA131D00E10EB8 /* Realm.framework */; };
		3F47BC7F1ECA131D00E10EB8 /* Realm.framework in Embed Frameworks */ = {isa = PBXBuildFile; fileRef = 3F47BC7D1ECA131D00E10EB8 /* Realm.framework */; settings = {ATTRIBUTES = (CodeSignOnCopy, RemoveHeadersOnCopy, ); }; };
		3F47BC811ECA132700E10EB8 /* RealmSwift.framework in Frameworks */ = {isa = PBXBuildFile; fileRef = 3F47BC801ECA132700E10EB8 /* RealmSwift.framework */; };
		3F47BC821ECA132800E10EB8 /* RealmSwift.framework in Embed Frameworks */ = {isa = PBXBuildFile; fileRef = 3F47BC801ECA132700E10EB8 /* RealmSwift.framework */; settings = {ATTRIBUTES = (CodeSignOnCopy, RemoveHeadersOnCopy, ); }; };
		3FF0C0C11E48E5CD00A1824B /* AppDelegate.swift in Sources */ = {isa = PBXBuildFile; fileRef = 3FF0C0C01E48E5CD00A1824B /* AppDelegate.swift */; };
		3FF0C0C31E48E5CD00A1824B /* MasterViewController.swift in Sources */ = {isa = PBXBuildFile; fileRef = 3FF0C0C21E48E5CD00A1824B /* MasterViewController.swift */; };
		3FF0C0C51E48E5CD00A1824B /* DetailViewController.swift in Sources */ = {isa = PBXBuildFile; fileRef = 3FF0C0C41E48E5CD00A1824B /* DetailViewController.swift */; };
		3FF0C0C81E48E5CD00A1824B /* Main.storyboard in Resources */ = {isa = PBXBuildFile; fileRef = 3FF0C0C61E48E5CD00A1824B /* Main.storyboard */; };
		3FF0C0CA1E48E5CD00A1824B /* Assets.xcassets in Resources */ = {isa = PBXBuildFile; fileRef = 3FF0C0C91E48E5CD00A1824B /* Assets.xcassets */; };
		3FF0C0CD1E48E5CD00A1824B /* LaunchScreen.storyboard in Resources */ = {isa = PBXBuildFile; fileRef = 3FF0C0CB1E48E5CD00A1824B /* LaunchScreen.storyboard */; };
		3FF0C0D81E48E5CD00A1824B /* College_ProfileTests.swift in Sources */ = {isa = PBXBuildFile; fileRef = 3FF0C0D71E48E5CD00A1824B /* College_ProfileTests.swift */; };
		3FF0C0E31E48E5CD00A1824B /* College_ProfileUITests.swift in Sources */ = {isa = PBXBuildFile; fileRef = 3FF0C0E21E48E5CD00A1824B /* College_ProfileUITests.swift */; };
		3FF0C0F11E48EADB00A1824B /* College.swift in Sources */ = {isa = PBXBuildFile; fileRef = 3FF0C0F01E48EADB00A1824B /* College.swift */; };
/* End PBXBuildFile section */

/* Begin PBXContainerItemProxy section */
		3FF0C0D41E48E5CD00A1824B /* PBXContainerItemProxy */ = {
			isa = PBXContainerItemProxy;
			containerPortal = 3FF0C0B51E48E5CD00A1824B /* Project object */;
			proxyType = 1;
			remoteGlobalIDString = 3FF0C0BC1E48E5CD00A1824B;
			remoteInfo = "College Profile";
		};
		3FF0C0DF1E48E5CD00A1824B /* PBXContainerItemProxy */ = {
			isa = PBXContainerItemProxy;
			containerPortal = 3FF0C0B51E48E5CD00A1824B /* Project object */;
			proxyType = 1;
			remoteGlobalIDString = 3FF0C0BC1E48E5CD00A1824B;
			remoteInfo = "College Profile";
		};
/* End PBXContainerItemProxy section */

/* Begin PBXCopyFilesBuildPhase section */
		3FD98C841EC0D1AD0069B953 /* Embed Frameworks */ = {
			isa = PBXCopyFilesBuildPhase;
			buildActionMask = 2147483647;
			dstPath = "";
			dstSubfolderSpec = 10;
			files = (
				3F47BC821ECA132800E10EB8 /* RealmSwift.framework in Embed Frameworks */,
				3F47BC7F1ECA131D00E10EB8 /* Realm.framework in Embed Frameworks */,
			);
			name = "Embed Frameworks";
			runOnlyForDeploymentPostprocessing = 0;
		};
/* End PBXCopyFilesBuildPhase section */

/* Begin PBXFileReference section */
		3F47BC7D1ECA131D00E10EB8 /* Realm.framework */ = {isa = PBXFileReference; lastKnownFileType = wrapper.framework; path = Realm.framework; sourceTree = "<group>"; };
		3F47BC801ECA132700E10EB8 /* RealmSwift.framework */ = {isa = PBXFileReference; lastKnownFileType = wrapper.framework; path = RealmSwift.framework; sourceTree = "<group>"; };
		3FF0C0BD1E48E5CD00A1824B /* College Profile.app */ = {isa = PBXFileReference; explicitFileType = wrapper.application; includeInIndex = 0; path = "College Profile.app"; sourceTree = BUILT_PRODUCTS_DIR; };
		3FF0C0C01E48E5CD00A1824B /* AppDelegate.swift */ = {isa = PBXFileReference; lastKnownFileType = sourcecode.swift; path = AppDelegate.swift; sourceTree = "<group>"; };
		3FF0C0C21E48E5CD00A1824B /* MasterViewController.swift */ = {isa = PBXFileReference; lastKnownFileType = sourcecode.swift; path = MasterViewController.swift; sourceTree = "<group>"; };
		3FF0C0C41E48E5CD00A1824B /* DetailViewController.swift */ = {isa = PBXFileReference; lastKnownFileType = sourcecode.swift; path = DetailViewController.swift; sourceTree = "<group>"; };
		3FF0C0C71E48E5CD00A1824B /* Base */ = {isa = PBXFileReference; lastKnownFileType = file.storyboard; name = Base; path = Base.lproj/Main.storyboard; sourceTree = "<group>"; };
		3FF0C0C91E48E5CD00A1824B /* Assets.xcassets */ = {isa = PBXFileReference; lastKnownFileType = folder.assetcatalog; path = Assets.xcassets; sourceTree = "<group>"; };
		3FF0C0CC1E48E5CD00A1824B /* Base */ = {isa = PBXFileReference; lastKnownFileType = file.storyboard; name = Base; path = Base.lproj/LaunchScreen.storyboard; sourceTree = "<group>"; };
		3FF0C0CE1E48E5CD00A1824B /* Info.plist */ = {isa = PBXFileReference; lastKnownFileType = text.plist.xml; path = Info.plist; sourceTree = "<group>"; };
		3FF0C0D31E48E5CD00A1824B /* College ProfileTests.xctest */ = {isa = PBXFileReference; explicitFileType = wrapper.cfbundle; includeInIndex = 0; path = "College ProfileTests.xctest"; sourceTree = BUILT_PRODUCTS_DIR; };
		3FF0C0D71E48E5CD00A1824B /* College_ProfileTests.swift */ = {isa = PBXFileReference; lastKnownFileType = sourcecode.swift; path = College_ProfileTests.swift; sourceTree = "<group>"; };
		3FF0C0D91E48E5CD00A1824B /* Info.plist */ = {isa = PBXFileReference; lastKnownFileType = text.plist.xml; path = Info.plist; sourceTree = "<group>"; };
		3FF0C0DE1E48E5CD00A1824B /* College ProfileUITests.xctest */ = {isa = PBXFileReference; explicitFileType = wrapper.cfbundle; includeInIndex = 0; path = "College ProfileUITests.xctest"; sourceTree = BUILT_PRODUCTS_DIR; };
		3FF0C0E21E48E5CD00A1824B /* College_ProfileUITests.swift */ = {isa = PBXFileReference; lastKnownFileType = sourcecode.swift; path = College_ProfileUITests.swift; sourceTree = "<group>"; };
		3FF0C0E41E48E5CD00A1824B /* Info.plist */ = {isa = PBXFileReference; lastKnownFileType = text.plist.xml; path = Info.plist; sourceTree = "<group>"; };
		3FF0C0F01E48EADB00A1824B /* College.swift */ = {isa = PBXFileReference; fileEncoding = 4; lastKnownFileType = sourcecode.swift; path = College.swift; sourceTree = "<group>"; };
/* End PBXFileReference section */

/* Begin PBXFrameworksBuildPhase section */
		3FF0C0BA1E48E5CD00A1824B /* Frameworks */ = {
			isa = PBXFrameworksBuildPhase;
			buildActionMask = 2147483647;
			files = (
				3F47BC811ECA132700E10EB8 /* RealmSwift.framework in Frameworks */,
				3F47BC7E1ECA131D00E10EB8 /* Realm.framework in Frameworks */,
			);
			runOnlyForDeploymentPostprocessing = 0;
		};
		3FF0C0D01E48E5CD00A1824B /* Frameworks */ = {
			isa = PBXFrameworksBuildPhase;
			buildActionMask = 2147483647;
			files = (
			);
			runOnlyForDeploymentPostprocessing = 0;
		};
		3FF0C0DB1E48E5CD00A1824B /* Frameworks */ = {
			isa = PBXFrameworksBuildPhase;
			buildActionMask = 2147483647;
			files = (
			);
			runOnlyForDeploymentPostprocessing = 0;
		};
/* End PBXFrameworksBuildPhase section */

/* Begin PBXGroup section */
		3FF0C0B41E48E5CD00A1824B = {
			isa = PBXGroup;
			children = (
				3F47BC801ECA132700E10EB8 /* RealmSwift.framework */,
				3F47BC7D1ECA131D00E10EB8 /* Realm.framework */,
				3FF0C0BF1E48E5CD00A1824B /* College Profile */,
				3FF0C0D61E48E5CD00A1824B /* College ProfileTests */,
				3FF0C0E11E48E5CD00A1824B /* College ProfileUITests */,
				3FF0C0BE1E48E5CD00A1824B /* Products */,
			);
			sourceTree = "<group>";
		};
		3FF0C0BE1E48E5CD00A1824B /* Products */ = {
			isa = PBXGroup;
			children = (
				3FF0C0BD1E48E5CD00A1824B /* College Profile.app */,
				3FF0C0D31E48E5CD00A1824B /* College ProfileTests.xctest */,
				3FF0C0DE1E48E5CD00A1824B /* College ProfileUITests.xctest */,
			);
			name = Products;
			sourceTree = "<group>";
		};
		3FF0C0BF1E48E5CD00A1824B /* College Profile */ = {
			isa = PBXGroup;
			children = (
				3FF0C0C01E48E5CD00A1824B /* AppDelegate.swift */,
				3FF0C0C21E48E5CD00A1824B /* MasterViewController.swift */,
				3FF0C0F01E48EADB00A1824B /* College.swift */,
				3FF0C0C41E48E5CD00A1824B /* DetailViewController.swift */,
				3FF0C0C61E48E5CD00A1824B /* Main.storyboard */,
				3FF0C0C91E48E5CD00A1824B /* Assets.xcassets */,
				3FF0C0CB1E48E5CD00A1824B /* LaunchScreen.storyboard */,
				3FF0C0CE1E48E5CD00A1824B /* Info.plist */,
			);
			path = "College Profile";
			sourceTree = "<group>";
		};
		3FF0C0D61E48E5CD00A1824B /* College ProfileTests */ = {
			isa = PBXGroup;
			children = (
				3FF0C0D71E48E5CD00A1824B /* College_ProfileTests.swift */,
				3FF0C0D91E48E5CD00A1824B /* Info.plist */,
			);
			path = "College ProfileTests";
			sourceTree = "<group>";
		};
		3FF0C0E11E48E5CD00A1824B /* College ProfileUITests */ = {
			isa = PBXGroup;
			children = (
				3FF0C0E21E48E5CD00A1824B /* College_ProfileUITests.swift */,
				3FF0C0E41E48E5CD00A1824B /* Info.plist */,
			);
			path = "College ProfileUITests";
			sourceTree = "<group>";
		};
/* End PBXGroup section */

/* Begin PBXNativeTarget section */
		3FF0C0BC1E48E5CD00A1824B /* College Profile */ = {
			isa = PBXNativeTarget;
			buildConfigurationList = 3FF0C0E71E48E5CD00A1824B /* Build configuration list for PBXNativeTarget "College Profile" */;
			buildPhases = (
				3FF0C0B91E48E5CD00A1824B /* Sources */,
				3FF0C0BA1E48E5CD00A1824B /* Frameworks */,
				3FF0C0BB1E48E5CD00A1824B /* Resources */,
				3FD98C841EC0D1AD0069B953 /* Embed Frameworks */,
			);
			buildRules = (
			);
			dependencies = (
			);
			name = "College Profile";
			productName = "College Profile";
			productReference = 3FF0C0BD1E48E5CD00A1824B /* College Profile.app */;
			productType = "com.apple.product-type.application";
		};
		3FF0C0D21E48E5CD00A1824B /* College ProfileTests */ = {
			isa = PBXNativeTarget;
			buildConfigurationList = 3FF0C0EA1E48E5CD00A1824B /* Build configuration list for PBXNativeTarget "College ProfileTests" */;
			buildPhases = (
				3FF0C0CF1E48E5CD00A1824B /* Sources */,
				3FF0C0D01E48E5CD00A1824B /* Frameworks */,
				3FF0C0D11E48E5CD00A1824B /* Resources */,
			);
			buildRules = (
			);
			dependencies = (
				3FF0C0D51E48E5CD00A1824B /* PBXTargetDependency */,
			);
			name = "College ProfileTests";
			productName = "College ProfileTests";
			productReference = 3FF0C0D31E48E5CD00A1824B /* College ProfileTests.xctest */;
			productType = "com.apple.product-type.bundle.unit-test";
		};
		3FF0C0DD1E48E5CD00A1824B /* College ProfileUITests */ = {
			isa = PBXNativeTarget;
			buildConfigurationList = 3FF0C0ED1E48E5CD00A1824B /* Build configuration list for PBXNativeTarget "College ProfileUITests" */;
			buildPhases = (
				3FF0C0DA1E48E5CD00A1824B /* Sources */,
				3FF0C0DB1E48E5CD00A1824B /* Frameworks */,
				3FF0C0DC1E48E5CD00A1824B /* Resources */,
			);
			buildRules = (
			);
			dependencies = (
				3FF0C0E01E48E5CD00A1824B /* PBXTargetDependency */,
			);
			name = "College ProfileUITests";
			productName = "College ProfileUITests";
			productReference = 3FF0C0DE1E48E5CD00A1824B /* College ProfileUITests.xctest */;
			productType = "com.apple.product-type.bundle.ui-testing";
		};
/* End PBXNativeTarget section */

/* Begin PBXProject section */
		3FF0C0B51E48E5CD00A1824B /* Project object */ = {
			isa = PBXProject;
			attributes = {
				LastSwiftUpdateCheck = 0820;
				LastUpgradeCheck = 0820;
				ORGANIZATIONNAME = MRisser1;
				TargetAttributes = {
					3FF0C0BC1E48E5CD00A1824B = {
						CreatedOnToolsVersion = 8.2.1;
						ProvisioningStyle = Automatic;
					};
					3FF0C0D21E48E5CD00A1824B = {
						CreatedOnToolsVersion = 8.2.1;
						ProvisioningStyle = Automatic;
						TestTargetID = 3FF0C0BC1E48E5CD00A1824B;
					};
					3FF0C0DD1E48E5CD00A1824B = {
						CreatedOnToolsVersion = 8.2.1;
						ProvisioningStyle = Automatic;
						TestTargetID = 3FF0C0BC1E48E5CD00A1824B;
					};
				};
			};
			buildConfigurationList = 3FF0C0B81E48E5CD00A1824B /* Build configuration list for PBXProject "College Profile" */;
			compatibilityVersion = "Xcode 3.2";
			developmentRegion = English;
			hasScannedForEncodings = 0;
			knownRegions = (
				en,
				Base,
			);
			mainGroup = 3FF0C0B41E48E5CD00A1824B;
			productRefGroup = 3FF0C0BE1E48E5CD00A1824B /* Products */;
			projectDirPath = "";
			projectRoot = "";
			targets = (
				3FF0C0BC1E48E5CD00A1824B /* College Profile */,
				3FF0C0D21E48E5CD00A1824B /* College ProfileTests */,
				3FF0C0DD1E48E5CD00A1824B /* College ProfileUITests */,
			);
		};
/* End PBXProject section */

/* Begin PBXResourcesBuildPhase section */
		3FF0C0BB1E48E5CD00A1824B /* Resources */ = {
			isa = PBXResourcesBuildPhase;
			buildActionMask = 2147483647;
			files = (
				3FF0C0CD1E48E5CD00A1824B /* LaunchScreen.storyboard in Resources */,
				3FF0C0CA1E48E5CD00A1824B /* Assets.xcassets in Resources */,
				3FF0C0C81E48E5CD00A1824B /* Main.storyboard in Resources */,
			);
			runOnlyForDeploymentPostprocessing = 0;
		};
		3FF0C0D11E48E5CD00A1824B /* Resources */ = {
			isa = PBXResourcesBuildPhase;
			buildActionMask = 2147483647;
			files = (
			);
			runOnlyForDeploymentPostprocessing = 0;
		};
		3FF0C0DC1E48E5CD00A1824B /* Resources */ = {
			isa = PBXResourcesBuildPhase;
			buildActionMask = 2147483647;
			files = (
			);
			runOnlyForDeploymentPostprocessing = 0;
		};
/* End PBXResourcesBuildPhase section */

/* Begin PBXSourcesBuildPhase section */
		3FF0C0B91E48E5CD00A1824B /* Sources */ = {
			isa = PBXSourcesBuildPhase;
			buildActionMask = 2147483647;
			files = (
				3FF0C0C51E48E5CD00A1824B /* DetailViewController.swift in Sources */,
				3FF0C0C31E48E5CD00A1824B /* MasterViewController.swift in Sources */,
				3FF0C0C11E48E5CD00A1824B /* AppDelegate.swift in Sources */,
				3FF0C0F11E48EADB00A1824B /* College.swift in Sources */,
			);
			runOnlyForDeploymentPostprocessing = 0;
		};
		3FF0C0CF1E48E5CD00A1824B /* Sources */ = {
			isa = PBXSourcesBuildPhase;
			buildActionMask = 2147483647;
			files = (
				3FF0C0D81E48E5CD00A1824B /* College_ProfileTests.swift in Sources */,
			);
			runOnlyForDeploymentPostprocessing = 0;
		};
		3FF0C0DA1E48E5CD00A1824B /* Sources */ = {
			isa = PBXSourcesBuildPhase;
			buildActionMask = 2147483647;
			files = (
				3FF0C0E31E48E5CD00A1824B /* College_ProfileUITests.swift in Sources */,
			);
			runOnlyForDeploymentPostprocessing = 0;
		};
/* End PBXSourcesBuildPhase section */

/* Begin PBXTargetDependency section */
		3FF0C0D51E48E5CD00A1824B /* PBXTargetDependency */ = {
			isa = PBXTargetDependency;
			target = 3FF0C0BC1E48E5CD00A1824B /* College Profile */;
			targetProxy = 3FF0C0D41E48E5CD00A1824B /* PBXContainerItemProxy */;
		};
		3FF0C0E01E48E5CD00A1824B /* PBXTargetDependency */ = {
			isa = PBXTargetDependency;
			target = 3FF0C0BC1E48E5CD00A1824B /* College Profile */;
			targetProxy = 3FF0C0DF1E48E5CD00A1824B /* PBXContainerItemProxy */;
		};
/* End PBXTargetDependency section */

/* Begin PBXVariantGroup section */
		3FF0C0C61E48E5CD00A1824B /* Main.storyboard */ = {
			isa = PBXVariantGroup;
			children = (
				3FF0C0C71E48E5CD00A1824B /* Base */,
			);
			name = Main.storyboard;
			sourceTree = "<group>";
		};
		3FF0C0CB1E48E5CD00A1824B /* LaunchScreen.storyboard */ = {
			isa = PBXVariantGroup;
			children = (
				3FF0C0CC1E48E5CD00A1824B /* Base */,
			);
			name = LaunchScreen.storyboard;
			sourceTree = "<group>";
		};
/* End PBXVariantGroup section */

/* Begin XCBuildConfiguration section */
		3FF0C0E51E48E5CD00A1824B /* Debug */ = {
			isa = XCBuildConfiguration;
			buildSettings = {
				ALWAYS_SEARCH_USER_PATHS = NO;
				CLANG_ANALYZER_NONNULL = YES;
				CLANG_CXX_LANGUAGE_STANDARD = "gnu++0x";
				CLANG_CXX_LIBRARY = "libc++";
				CLANG_ENABLE_MODULES = YES;
				CLANG_ENABLE_OBJC_ARC = YES;
				CLANG_WARN_BOOL_CONVERSION = YES;
				CLANG_WARN_CONSTANT_CONVERSION = YES;
				CLANG_WARN_DIRECT_OBJC_ISA_USAGE = YES_ERROR;
				CLANG_WARN_DOCUMENTATION_COMMENTS = YES;
				CLANG_WARN_EMPTY_BODY = YES;
				CLANG_WARN_ENUM_CONVERSION = YES;
				CLANG_WARN_INFINITE_RECURSION = YES;
				CLANG_WARN_INT_CONVERSION = YES;
				CLANG_WARN_OBJC_ROOT_CLASS = YES_ERROR;
				CLANG_WARN_SUSPICIOUS_MOVE = YES;
				CLANG_WARN_UNREACHABLE_CODE = YES;
				CLANG_WARN__DUPLICATE_METHOD_MATCH = YES;
				"CODE_SIGN_IDENTITY[sdk=iphoneos*]" = "iPhone Developer";
				COPY_PHASE_STRIP = NO;
				DEBUG_INFORMATION_FORMAT = dwarf;
				ENABLE_STRICT_OBJC_MSGSEND = YES;
				ENABLE_TESTABILITY = YES;
				GCC_C_LANGUAGE_STANDARD = gnu99;
				GCC_DYNAMIC_NO_PIC = NO;
				GCC_NO_COMMON_BLOCKS = YES;
				GCC_OPTIMIZATION_LEVEL = 0;
				GCC_PREPROCESSOR_DEFINITIONS = (
					"DEBUG=1",
					"$(inherited)",
				);
				GCC_WARN_64_TO_32_BIT_CONVERSION = YES;
				GCC_WARN_ABOUT_RETURN_TYPE = YES_ERROR;
				GCC_WARN_UNDECLARED_SELECTOR = YES;
				GCC_WARN_UNINITIALIZED_AUTOS = YES_AGGRESSIVE;
				GCC_WARN_UNUSED_FUNCTION = YES;
				GCC_WARN_UNUSED_VARIABLE = YES;
				IPHONEOS_DEPLOYMENT_TARGET = 10.2;
				MTL_ENABLE_DEBUG_INFO = YES;
				ONLY_ACTIVE_ARCH = YES;
				SDKROOT = iphoneos;
				SWIFT_ACTIVE_COMPILATION_CONDITIONS = DEBUG;
				SWIFT_OPTIMIZATION_LEVEL = "-Onone";
				TARGETED_DEVICE_FAMILY = "1,2";
			};
			name = Debug;
		};
		3FF0C0E61E48E5CD00A1824B /* Release */ = {
			isa = XCBuildConfiguration;
			buildSettings = {
				ALWAYS_SEARCH_USER_PATHS = NO;
				CLANG_ANALYZER_NONNULL = YES;
				CLANG_CXX_LANGUAGE_STANDARD = "gnu++0x";
				CLANG_CXX_LIBRARY = "libc++";
				CLANG_ENABLE_MODULES = YES;
				CLANG_ENABLE_OBJC_ARC = YES;
				CLANG_WARN_BOOL_CONVERSION = YES;
				CLANG_WARN_CONSTANT_CONVERSION = YES;
				CLANG_WARN_DIRECT_OBJC_ISA_USAGE = YES_ERROR;
				CLANG_WARN_DOCUMENTATION_COMMENTS = YES;
				CLANG_WARN_EMPTY_BODY = YES;
				CLANG_WARN_ENUM_CONVERSION = YES;
				CLANG_WARN_INFINITE_RECURSION = YES;
				CLANG_WARN_INT_CONVERSION = YES;
				CLANG_WARN_OBJC_ROOT_CLASS = YES_ERROR;
				CLANG_WARN_SUSPICIOUS_MOVE = YES;
				CLANG_WARN_UNREACHABLE_CODE = YES;
				CLANG_WARN__DUPLICATE_METHOD_MATCH = YES;
				"CODE_SIGN_IDENTITY[sdk=iphoneos*]" = "iPhone Developer";
				COPY_PHASE_STRIP = NO;
				DEBUG_INFORMATION_FORMAT = "dwarf-with-dsym";
				ENABLE_NS_ASSERTIONS = NO;
				ENABLE_STRICT_OBJC_MSGSEND = YES;
				GCC_C_LANGUAGE_STANDARD = gnu99;
				GCC_NO_COMMON_BLOCKS = YES;
				GCC_WARN_64_TO_32_BIT_CONVERSION = YES;
				GCC_WARN_ABOUT_RETURN_TYPE = YES_ERROR;
				GCC_WARN_UNDECLARED_SELECTOR = YES;
				GCC_WARN_UNINITIALIZED_AUTOS = YES_AGGRESSIVE;
				GCC_WARN_UNUSED_FUNCTION = YES;
				GCC_WARN_UNUSED_VARIABLE = YES;
				IPHONEOS_DEPLOYMENT_TARGET = 10.2;
				MTL_ENABLE_DEBUG_INFO = NO;
				SDKROOT = iphoneos;
				SWIFT_OPTIMIZATION_LEVEL = "-Owholemodule";
				TARGETED_DEVICE_FAMILY = "1,2";
				VALIDATE_PRODUCT = YES;
			};
			name = Release;
		};
		3FF0C0E81E48E5CD00A1824B /* Debug */ = {
			isa = XCBuildConfiguration;
			buildSettings = {
				ASSETCATALOG_COMPILER_APPICON_NAME = AppIcon;
				ENABLE_BITCODE = YES;
				ENABLE_TESTABILITY = YES;
				FRAMEWORK_SEARCH_PATHS = (
					"$(inherited)",
					"$(PROJECT_DIR)",
				);
				INFOPLIST_FILE = "College Profile/Info.plist";
				IPHONEOS_DEPLOYMENT_TARGET = 10.3;
				LD_RUNPATH_SEARCH_PATHS = "$(inherited) @executable_path/Frameworks";
				PRODUCT_BUNDLE_IDENTIFIER = "The.College-Profile";
				PRODUCT_NAME = "$(TARGET_NAME)";
				SWIFT_VERSION = 3.0;
			};
			name = Debug;
		};
		3FF0C0E91E48E5CD00A1824B /* Release */ = {
			isa = XCBuildConfiguration;
			buildSettings = {
				ASSETCATALOG_COMPILER_APPICON_NAME = AppIcon;
				ENABLE_BITCODE = YES;
				ENABLE_TESTABILITY = YES;
				FRAMEWORK_SEARCH_PATHS = (
					"$(inherited)",
					"$(PROJECT_DIR)",
				);
				INFOPLIST_FILE = "College Profile/Info.plist";
				IPHONEOS_DEPLOYMENT_TARGET = 10.3;
				LD_RUNPATH_SEARCH_PATHS = "$(inherited) @executable_path/Frameworks";
				ONLY_ACTIVE_ARCH = NO;
				PRODUCT_BUNDLE_IDENTIFIER = "The.College-Profile";
				PRODUCT_NAME = "$(TARGET_NAME)";
				SWIFT_VERSION = 3.0;
			};
			name = Release;
		};
		3FF0C0EB1E48E5CD00A1824B /* Debug */ = {
			isa = XCBuildConfiguration;
			buildSettings = {
				ALWAYS_EMBED_SWIFT_STANDARD_LIBRARIES = YES;
				BUNDLE_LOADER = "$(TEST_HOST)";
				INFOPLIST_FILE = "College ProfileTests/Info.plist";
				LD_RUNPATH_SEARCH_PATHS = "$(inherited) @executable_path/Frameworks @loader_path/Frameworks";
				PRODUCT_BUNDLE_IDENTIFIER = "The.College-ProfileTests";
				PRODUCT_NAME = "$(TARGET_NAME)";
				SWIFT_VERSION = 3.0;
				TEST_HOST = "$(BUILT_PRODUCTS_DIR)/College Profile.app/College Profile";
			};
			name = Debug;
		};
		3FF0C0EC1E48E5CD00A1824B /* Release */ = {
			isa = XCBuildConfiguration;
			buildSettings = {
				ALWAYS_EMBED_SWIFT_STANDARD_LIBRARIES = YES;
				BUNDLE_LOADER = "$(TEST_HOST)";
				INFOPLIST_FILE = "College ProfileTests/Info.plist";
				LD_RUNPATH_SEARCH_PATHS = "$(inherited) @executable_path/Frameworks @loader_path/Frameworks";
				PRODUCT_BUNDLE_IDENTIFIER = "The.College-ProfileTests";
				PRODUCT_NAME = "$(TARGET_NAME)";
				SWIFT_VERSION = 3.0;
				TEST_HOST = "$(BUILT_PRODUCTS_DIR)/College Profile.app/College Profile";
			};
			name = Release;
		};
		3FF0C0EE1E48E5CD00A1824B /* Debug */ = {
			isa = XCBuildConfiguration;
			buildSettings = {
				ALWAYS_EMBED_SWIFT_STANDARD_LIBRARIES = YES;
				INFOPLIST_FILE = "College ProfileUITests/Info.plist";
				LD_RUNPATH_SEARCH_PATHS = "$(inherited) @executable_path/Frameworks @loader_path/Frameworks";
				PRODUCT_BUNDLE_IDENTIFIER = "The.College-ProfileUITests";
				PRODUCT_NAME = "$(TARGET_NAME)";
				SWIFT_VERSION = 3.0;
				TEST_TARGET_NAME = "College Profile";
			};
			name = Debug;
		};
		3FF0C0EF1E48E5CD00A1824B /* Release */ = {
			isa = XCBuildConfiguration;
			buildSettings = {
				ALWAYS_EMBED_SWIFT_STANDARD_LIBRARIES = YES;
				INFOPLIST_FILE = "College ProfileUITests/Info.plist";
				LD_RUNPATH_SEARCH_PATHS = "$(inherited) @executable_path/Frameworks @loader_path/Frameworks";
				PRODUCT_BUNDLE_IDENTIFIER = "The.College-ProfileUITests";
				PRODUCT_NAME = "$(TARGET_NAME)";
				SWIFT_VERSION = 3.0;
				TEST_TARGET_NAME = "College Profile";
			};
			name = Release;
		};
/* End XCBuildConfiguration section */

/* Begin XCConfigurationList section */
		3FF0C0B81E48E5CD00A1824B /* Build configuration list for PBXProject "College Profile" */ = {
			isa = XCConfigurationList;
			buildConfigurations = (
				3FF0C0E51E48E5CD00A1824B /* Debug */,
				3FF0C0E61E48E5CD00A1824B /* Release */,
			);
			defaultConfigurationIsVisible = 0;
			defaultConfigurationName = Release;
		};
		3FF0C0E71E48E5CD00A1824B /* Build configuration list for PBXNativeTarget "College Profile" */ = {
			isa = XCConfigurationList;
			buildConfigurations = (
				3FF0C0E81E48E5CD00A1824B /* Debug */,
				3FF0C0E91E48E5CD00A1824B /* Release */,
			);
			defaultConfigurationIsVisible = 0;
			defaultConfigurationName = Release;
		};
		3FF0C0EA1E48E5CD00A1824B /* Build configuration list for PBXNativeTarget "College ProfileTests" */ = {
			isa = XCConfigurationList;
			buildConfigurations = (
				3FF0C0EB1E48E5CD00A1824B /* Debug */,
				3FF0C0EC1E48E5CD00A1824B /* Release */,
			);
			defaultConfigurationIsVisible = 0;
			defaultConfigurationName = Release;
		};
		3FF0C0ED1E48E5CD00A1824B /* Build configuration list for PBXNativeTarget "College ProfileUITests" */ = {
			isa = XCConfigurationList;
			buildConfigurations = (
				3FF0C0EE1E48E5CD00A1824B /* Debug */,
				3FF0C0EF1E48E5CD00A1824B /* Release */,
			);
			defaultConfigurationIsVisible = 0;
			defaultConfigurationName = Release;
		};
/* End XCConfigurationList section */
	};
	rootObject = 3FF0C0B51E48E5CD00A1824B /* Project object */;
}
